
Microsoft Visual Studio Solution File, Format Version 12.00
# Visual Studio Version 17
VisualStudioVersion = 17.11.35327.3
MinimumVisualStudioVersion = 10.0.40219.1
Project("{FAE04EC0-301F-11D3-BF4B-00C04F79EFBC}") = "ReSharperPrueba", "ReSharperPrueba\ReSharperPrueba.csproj", "{78F6DDE3-1DF7-4FDC-844B-1949CA8A38E2}"
EndProject
Global
	GlobalSection(SolutionConfigurationPlatforms) = preSolution
		Debug|Any CPU = Debug|Any CPU
		Release|Any CPU = Release|Any CPU
	EndGlobalSection
	GlobalSection(ProjectConfigurationPlatforms) = postSolution
		{78F6DDE3-1DF7-4FDC-844B-1949CA8A38E2}.Debug|Any CPU.ActiveCfg = Debug|Any CPU
		{78F6DDE3-1DF7-4FDC-844B-1949CA8A38E2}.Debug|Any CPU.Build.0 = Debug|Any CPU
		{78F6DDE3-1DF7-4FDC-844B-1949CA8A38E2}.Release|Any CPU.ActiveCfg = Release|Any CPU
		{78F6DDE3-1DF7-4FDC-844B-1949CA8A38E2}.Release|Any CPU.Build.0 = Release|Any CPU
	EndGlobalSection
	GlobalSection(SolutionProperties) = preSolution
		HideSolutionNode = FALSE
	EndGlobalSection
	GlobalSection(ExtensibilityGlobals) = postSolution
		SolutionGuid = {329E58A9-AF88-4A5C-9403-D65EF2673009}
	EndGlobalSection
EndGlobal
